
Microsoft Visual Studio Solution File, Format Version 12.00
# Visual Studio Version 16
VisualStudioVersion = 16.0.31702.278
MinimumVisualStudioVersion = 10.0.40219.1
Project("{FAE04EC0-301F-11D3-BF4B-00C04F79EFBC}") = "EfCoreTraining", "EfCoreTraining\EfCoreTraining.csproj", "{6683442E-98A1-46F1-988A-0E4A4887394D}"
EndProject
Global
	GlobalSection(SolutionConfigurationPlatforms) = preSolution
		Debug|Any CPU = Debug|Any CPU
		Release|Any CPU = Release|Any CPU
	EndGlobalSection
	GlobalSection(ProjectConfigurationPlatforms) = postSolution
		{6683442E-98A1-46F1-988A-0E4A4887394D}.Debug|Any CPU.ActiveCfg = Debug|Any CPU
		{6683442E-98A1-46F1-988A-0E4A4887394D}.Debug|Any CPU.Build.0 = Debug|Any CPU
		{6683442E-98A1-46F1-988A-0E4A4887394D}.Release|Any CPU.ActiveCfg = Release|Any CPU
		{6683442E-98A1-46F1-988A-0E4A4887394D}.Release|Any CPU.Build.0 = Release|Any CPU
	EndGlobalSection
	GlobalSection(SolutionProperties) = preSolution
		HideSolutionNode = FALSE
	EndGlobalSection
	GlobalSection(ExtensibilityGlobals) = postSolution
		SolutionGuid = {7959E527-8596-4C1D-9F9A-3672483CBDF0}
	EndGlobalSection
EndGlobal
